
Microsoft Visual Studio Solution File, Format Version 12.00
# Visual Studio Version 16
VisualStudioVersion = 16.0.30204.135
MinimumVisualStudioVersion = 10.0.40219.1
Project("{FAE04EC0-301F-11D3-BF4B-00C04F79EFBC}") = "BlazorHostedWasm.Server", "BlazorHostedWasm\Server\BlazorHostedWasm.Server.csproj", "{FB39BC61-AA7C-4682-863F-5C7458E26B55}"
EndProject
Project("{FAE04EC0-301F-11D3-BF4B-00C04F79EFBC}") = "BlazorHostedWasm.Client", "BlazorHostedWasm\Client\BlazorHostedWasm.Client.csproj", "{2348B8F4-9B6F-4758-B629-60A9533DB162}"
EndProject
Project("{FAE04EC0-301F-11D3-BF4B-00C04F79EFBC}") = "BlazorHostedWasm.Shared", "BlazorHostedWasm\Shared\BlazorHostedWasm.Shared.csproj", "{8ED5A5B0-069B-475D-88C8-3097FC0FF1D6}"
EndProject
Global
	GlobalSection(SolutionConfigurationPlatforms) = preSolution
		Debug|Any CPU = Debug|Any CPU
		Release|Any CPU = Release|Any CPU
	EndGlobalSection
	GlobalSection(ProjectConfigurationPlatforms) = postSolution
		{FB39BC61-AA7C-4682-863F-5C7458E26B55}.Debug|Any CPU.ActiveCfg = Debug|Any CPU
		{FB39BC61-AA7C-4682-863F-5C7458E26B55}.Debug|Any CPU.Build.0 = Debug|Any CPU
		{FB39BC61-AA7C-4682-863F-5C7458E26B55}.Release|Any CPU.ActiveCfg = Release|Any CPU
		{FB39BC61-AA7C-4682-863F-5C7458E26B55}.Release|Any CPU.Build.0 = Release|Any CPU
		{2348B8F4-9B6F-4758-B629-60A9533DB162}.Debug|Any CPU.ActiveCfg = Debug|Any CPU
		{2348B8F4-9B6F-4758-B629-60A9533DB162}.Debug|Any CPU.Build.0 = Debug|Any CPU
		{2348B8F4-9B6F-4758-B629-60A9533DB162}.Release|Any CPU.ActiveCfg = Release|Any CPU
		{2348B8F4-9B6F-4758-B629-60A9533DB162}.Release|Any CPU.Build.0 = Release|Any CPU
		{8ED5A5B0-069B-475D-88C8-3097FC0FF1D6}.Debug|Any CPU.ActiveCfg = Debug|Any CPU
		{8ED5A5B0-069B-475D-88C8-3097FC0FF1D6}.Debug|Any CPU.Build.0 = Debug|Any CPU
		{8ED5A5B0-069B-475D-88C8-3097FC0FF1D6}.Release|Any CPU.ActiveCfg = Release|Any CPU
		{8ED5A5B0-069B-475D-88C8-3097FC0FF1D6}.Release|Any CPU.Build.0 = Release|Any CPU
	EndGlobalSection
	GlobalSection(SolutionProperties) = preSolution
		HideSolutionNode = FALSE
	EndGlobalSection
	GlobalSection(ExtensibilityGlobals) = postSolution
		SolutionGuid = {03FD1BA7-99B6-474B-877B-E755CD2C70D2}
	EndGlobalSection
EndGlobal
